
Microsoft Visual Studio Solution File, Format Version 12.00
# Visual Studio Version 17
VisualStudioVersion = 17.1.32228.430
MinimumVisualStudioVersion = 10.0.40219.1
Project("{FAE04EC0-301F-11D3-BF4B-00C04F79EFBC}") = "pizza_mama", "pizza_mama\pizza_mama.csproj", "{DF708CE7-3E8B-4C3C-83F5-CE53098F5E8C}"
EndProject
Global
	GlobalSection(SolutionConfigurationPlatforms) = preSolution
		Debug|Any CPU = Debug|Any CPU
		Release|Any CPU = Release|Any CPU
	EndGlobalSection
	GlobalSection(ProjectConfigurationPlatforms) = postSolution
		{DF708CE7-3E8B-4C3C-83F5-CE53098F5E8C}.Debug|Any CPU.ActiveCfg = Debug|Any CPU
		{DF708CE7-3E8B-4C3C-83F5-CE53098F5E8C}.Debug|Any CPU.Build.0 = Debug|Any CPU
		{DF708CE7-3E8B-4C3C-83F5-CE53098F5E8C}.Release|Any CPU.ActiveCfg = Release|Any CPU
		{DF708CE7-3E8B-4C3C-83F5-CE53098F5E8C}.Release|Any CPU.Build.0 = Release|Any CPU
	EndGlobalSection
	GlobalSection(SolutionProperties) = preSolution
		HideSolutionNode = FALSE
	EndGlobalSection
	GlobalSection(ExtensibilityGlobals) = postSolution
		SolutionGuid = {BDD441BA-6745-4A9F-83FA-2FB5AD6B9F38}
	EndGlobalSection
EndGlobal
